{
  "name": "cucumber-puppeteer",
  "version": "1.0.0",
  "lockfileVersion": 1,
  "requires": true,
  "dependencies": {
    "agent-base": {
      "version": "4.1.1",
      "resolved": "https://purecloud.artifactoryonline.com/purecloud/api/npm/inin-internal-npm/agent-base/-/agent-base-4.1.1.tgz",
      "integrity": "sha1-ktik/CUko7CbNmajO2yXlg8j1qQ=",
      "requires": {
        "es6-promisify": "5.0.0"
      }
    },
    "any-promise": {
      "version": "1.3.0",
      "resolved": "https://purecloud.artifactoryonline.com/purecloud/api/npm/inin-internal-npm/any-promise/-/any-promise-1.3.0.tgz",
      "integrity": "sha1-q8av7tzqUugJzcA3au0845Y10X8="
    },
    "assert-plus": {
      "version": "1.0.0",
      "resolved": "https://purecloud.artifactoryonline.com/purecloud/api/npm/inin-internal-npm/assert-plus/-/assert-plus-1.0.0.tgz",
      "integrity": "sha1-8S4PPF13sLHN2RRpQuTpbB5N1SU="
    },
    "assertion-error-formatter": {
      "version": "2.0.0",
      "resolved": "https://purecloud.artifactoryonline.com/purecloud/api/npm/inin-internal-npm/assertion-error-formatter/-/assertion-error-formatter-2.0.0.tgz",
      "integrity": "sha1-F6JCicyEQIibVDGObRGH6+4tVJQ=",
      "requires": {
        "diff": "3.4.0",
        "pad-right": "0.2.2",
        "repeat-string": "1.6.1"
      }
    },
    "async-limiter": {
      "version": "1.0.0",
      "resolved": "https://purecloud.artifactoryonline.com/purecloud/api/npm/inin-internal-npm/async-limiter/-/async-limiter-1.0.0.tgz",
      "integrity": "sha1-ePrtjD0HSrgfIrTphdeehzj3IPg="
    },
    "babel-runtime": {
      "version": "6.26.0",
      "resolved": "https://purecloud.artifactoryonline.com/purecloud/api/npm/inin-internal-npm/babel-runtime/-/babel-runtime-6.26.0.tgz",
      "integrity": "sha1-llxwWGaOgrVde/4E/yM3vItWR/4=",
      "requires": {
        "core-js": "2.5.1",
        "regenerator-runtime": "0.11.0"
      }
    },
    "balanced-match": {
      "version": "1.0.0",
      "resolved": "https://purecloud.artifactoryonline.com/purecloud/api/npm/inin-internal-npm/balanced-match/-/balanced-match-1.0.0.tgz",
      "integrity": "sha1-ibTRmasr7kneFk6gK4nORi1xt2c="
    },
    "becke-ch--regex--s0-0-v1--base--pl--lib": {
      "version": "1.2.0",
      "resolved": "https://purecloud.artifactoryonline.com/purecloud/api/npm/inin-internal-npm/becke-ch--regex--s0-0-v1--base--pl--lib/-/becke-ch--regex--s0-0-v1--base--pl--lib-1.2.0.tgz",
      "integrity": "sha1-LnPp0h8sLm9aVFQEVjbwq5PkYTA="
    },
    "bluebird": {
      "version": "3.5.1",
      "resolved": "https://purecloud.artifactoryonline.com/purecloud/api/npm/inin-internal-npm/bluebird/-/bluebird-3.5.1.tgz",
      "integrity": "sha1-2VUfnemPH82h5oPRfukaBgLuLrk="
    },
    "brace-expansion": {
      "version": "1.1.8",
      "resolved": "https://purecloud.artifactoryonline.com/purecloud/api/npm/inin-internal-npm/brace-expansion/-/brace-expansion-1.1.8.tgz",
      "integrity": "sha1-wHshHHyVLsH479Uad+8NHTmQopI=",
      "requires": {
        "balanced-match": "1.0.0",
        "concat-map": "0.0.1"
      }
    },
    "cli-table": {
      "version": "0.3.1",
      "resolved": "https://purecloud.artifactoryonline.com/purecloud/api/npm/inin-internal-npm/cli-table/-/cli-table-0.3.1.tgz",
      "integrity": "sha1-9TsFJmqLGguTSz0IIebi3FkUriM=",
      "requires": {
        "colors": "1.0.3"
      },
      "dependencies": {
        "colors": {
          "version": "1.0.3",
          "resolved": "https://purecloud.artifactoryonline.com/purecloud/api/npm/inin-internal-npm/colors/-/colors-1.0.3.tgz",
          "integrity": "sha1-BDP0TYCWgP3rYO0mDxsMJi6CpAs="
        }
      }
    },
    "colors": {
      "version": "1.1.2",
      "resolved": "https://purecloud.artifactoryonline.com/purecloud/api/npm/inin-internal-npm/colors/-/colors-1.1.2.tgz",
      "integrity": "sha1-FopHAXVran9RoSzgyXv6KMCE7WM="
    },
    "commander": {
      "version": "2.11.0",
      "resolved": "https://purecloud.artifactoryonline.com/purecloud/api/npm/inin-internal-npm/commander/-/commander-2.11.0.tgz",
      "integrity": "sha1-FXFS/R56bI2YpbcVzzdt+SgARWM="
    },
    "concat-map": {
      "version": "0.0.1",
      "resolved": "https://purecloud.artifactoryonline.com/purecloud/api/npm/inin-internal-npm/concat-map/-/concat-map-0.0.1.tgz",
      "integrity": "sha1-2Klr13/Wjfd5OnMDajug1UBdR3s="
    },
    "concat-stream": {
      "version": "1.6.0",
      "resolved": "https://purecloud.artifactoryonline.com/purecloud/api/npm/inin-internal-npm/concat-stream/-/concat-stream-1.6.0.tgz",
      "integrity": "sha1-CqxmL9Ur54lk1VMvaUeE5wEQrPc=",
      "requires": {
        "inherits": "2.0.3",
        "readable-stream": "2.3.3",
        "typedarray": "0.0.6"
      }
    },
    "core-js": {
      "version": "2.5.1",
      "resolved": "https://purecloud.artifactoryonline.com/purecloud/api/npm/inin-internal-npm/core-js/-/core-js-2.5.1.tgz",
      "integrity": "sha1-rmh03GaTd4m4B1T/VCjfZoGcpQs="
    },
    "core-util-is": {
      "version": "1.0.2",
      "resolved": "https://purecloud.artifactoryonline.com/purecloud/api/npm/inin-internal-npm/core-util-is/-/core-util-is-1.0.2.tgz",
      "integrity": "sha1-tf1UIgqivFq1eqtxQMlAdUUDwac="
    },
    "cucumber": {
      "version": "3.1.0",
      "resolved": "https://purecloud.artifactoryonline.com/purecloud/api/npm/inin-internal-npm/cucumber/-/cucumber-3.1.0.tgz",
      "integrity": "sha1-E4hrzofpAY7LV5mbsAwDob+ljV0=",
      "requires": {
        "assertion-error-formatter": "2.0.0",
        "babel-runtime": "6.26.0",
        "bluebird": "3.5.1",
        "cli-table": "0.3.1",
        "colors": "1.1.2",
        "commander": "2.11.0",
        "cucumber-expressions": "5.0.3",
        "cucumber-tag-expressions": "1.0.1",
        "duration": "0.2.0",
        "escape-string-regexp": "1.0.5",
        "figures": "2.0.0",
        "gherkin": "5.0.0",
        "glob": "7.1.2",
        "indent-string": "3.2.0",
        "is-generator": "1.0.3",
        "is-stream": "1.1.0",
        "lodash": "4.17.4",
        "mz": "2.7.0",
        "progress": "2.0.0",
        "resolve": "1.5.0",
        "stack-chain": "2.0.0",
        "stacktrace-js": "2.0.0",
        "string-argv": "0.0.2",
        "title-case": "2.1.1",
        "util-arity": "1.1.0",
        "verror": "1.10.0"
      }
    },
    "cucumber-expressions": {
      "version": "5.0.3",
      "resolved": "https://purecloud.artifactoryonline.com/purecloud/api/npm/inin-internal-npm/cucumber-expressions/-/cucumber-expressions-5.0.3.tgz",
      "integrity": "sha1-dJSGCv1RMJupEIj7XRr5qYl7fH4=",
      "requires": {
        "becke-ch--regex--s0-0-v1--base--pl--lib": "1.2.0"
      }
    },
    "cucumber-tag-expressions": {
      "version": "1.0.1",
      "resolved": "https://purecloud.artifactoryonline.com/purecloud/api/npm/inin-internal-npm/cucumber-tag-expressions/-/cucumber-tag-expressions-1.0.1.tgz",
      "integrity": "sha1-1tPEMYCgP1+0/JV/4Tgt3OXLmsg="
    },
    "d": {
      "version": "0.1.1",
      "resolved": "https://purecloud.artifactoryonline.com/purecloud/api/npm/inin-internal-npm/d/-/d-0.1.1.tgz",
      "integrity": "sha1-2hhMU10Y2O57oqoim5FACfrhEwk=",
      "requires": {
        "es5-ext": "0.10.35"
      }
    },
    "debug": {
      "version": "2.6.9",
      "resolved": "https://purecloud.artifactoryonline.com/purecloud/api/npm/inin-internal-npm/debug/-/debug-2.6.9.tgz",
      "integrity": "sha1-XRKFFd8TT/Mn6QpMk/Tgd6U2NB8=",
      "requires": {
        "ms": "2.0.0"
      }
    },
    "diff": {
      "version": "3.4.0",
      "resolved": "https://purecloud.artifactoryonline.com/purecloud/api/npm/inin-internal-npm/diff/-/diff-3.4.0.tgz",
      "integrity": "sha1-sdhVB9rzlkgo3lSzfQ1zumfdpWw="
    },
    "duration": {
      "version": "0.2.0",
      "resolved": "https://purecloud.artifactoryonline.com/purecloud/api/npm/inin-internal-npm/duration/-/duration-0.2.0.tgz",
      "integrity": "sha1-X5xN+q//ZV3phhEu/iXFl43YUUY=",
      "requires": {
        "d": "0.1.1",
        "es5-ext": "0.10.35"
      }
    },
    "error-stack-parser": {
      "version": "2.0.1",
      "resolved": "https://purecloud.artifactoryonline.com/purecloud/api/npm/inin-internal-npm/error-stack-parser/-/error-stack-parser-2.0.1.tgz",
      "integrity": "sha1-oyArj7AxFKqbQKDjZp5IsrZaAQo=",
      "requires": {
        "stackframe": "1.0.4"
      }
    },
    "es5-ext": {
      "version": "0.10.35",
      "resolved": "https://purecloud.artifactoryonline.com/purecloud/api/npm/inin-internal-npm/es5-ext/-/es5-ext-0.10.35.tgz",
      "integrity": "sha1-GO6FjOajxFx9eekcFfzKnsVoSU8=",
      "requires": {
        "es6-iterator": "2.0.3",
        "es6-symbol": "3.1.1"
      }
    },
    "es6-iterator": {
      "version": "2.0.3",
      "resolved": "https://purecloud.artifactoryonline.com/purecloud/api/npm/inin-internal-npm/es6-iterator/-/es6-iterator-2.0.3.tgz",
      "integrity": "sha1-p96IkUGgWpSwhUQDstCg+/qY87c=",
      "requires": {
        "d": "1.0.0",
        "es5-ext": "0.10.35",
        "es6-symbol": "3.1.1"
      },
      "dependencies": {
        "d": {
          "version": "1.0.0",
          "resolved": "https://purecloud.artifactoryonline.com/purecloud/api/npm/inin-internal-npm/d/-/d-1.0.0.tgz",
          "integrity": "sha1-dUu1v+VUUdpppYuU1F9MWwRi1Y8=",
          "requires": {
            "es5-ext": "0.10.35"
          }
        }
      }
    },
    "es6-promise": {
      "version": "4.1.1",
      "resolved": "https://purecloud.artifactoryonline.com/purecloud/api/npm/inin-internal-npm/es6-promise/-/es6-promise-4.1.1.tgz",
      "integrity": "sha1-iBHpCRXZoNujYnTwskLb2nj5ySo="
    },
    "es6-promisify": {
      "version": "5.0.0",
      "resolved": "https://purecloud.artifactoryonline.com/purecloud/api/npm/inin-internal-npm/es6-promisify/-/es6-promisify-5.0.0.tgz",
      "integrity": "sha1-UQnWLz5W6pZ8S2NQWu8IKRyKUgM=",
      "requires": {
        "es6-promise": "4.1.1"
      }
    },
    "es6-symbol": {
      "version": "3.1.1",
      "resolved": "https://purecloud.artifactoryonline.com/purecloud/api/npm/inin-internal-npm/es6-symbol/-/es6-symbol-3.1.1.tgz",
      "integrity": "sha1-vwDvT9q2uhtG7Le2KbTH7VcVzHc=",
      "requires": {
        "d": "1.0.0",
        "es5-ext": "0.10.35"
      },
      "dependencies": {
        "d": {
          "version": "1.0.0",
          "resolved": "https://purecloud.artifactoryonline.com/purecloud/api/npm/inin-internal-npm/d/-/d-1.0.0.tgz",
          "integrity": "sha1-dUu1v+VUUdpppYuU1F9MWwRi1Y8=",
          "requires": {
            "es5-ext": "0.10.35"
          }
        }
      }
    },
    "escape-string-regexp": {
      "version": "1.0.5",
      "resolved": "https://purecloud.artifactoryonline.com/purecloud/api/npm/inin-internal-npm/escape-string-regexp/-/escape-string-regexp-1.0.5.tgz",
      "integrity": "sha1-G2HAViGQqN/2rjuyzwIAyhMLhtQ="
    },
    "extract-zip": {
      "version": "1.6.6",
      "resolved": "https://purecloud.artifactoryonline.com/purecloud/api/npm/inin-internal-npm/extract-zip/-/extract-zip-1.6.6.tgz",
      "integrity": "sha1-EpDt6NINCHK0Kf0/NRyhKOxe+Fw=",
      "requires": {
        "concat-stream": "1.6.0",
        "debug": "2.6.9",
        "mkdirp": "0.5.0",
        "yauzl": "2.4.1"
      }
    },
    "extsprintf": {
      "version": "1.3.0",
      "resolved": "https://purecloud.artifactoryonline.com/purecloud/api/npm/inin-internal-npm/extsprintf/-/extsprintf-1.3.0.tgz",
      "integrity": "sha1-lpGEQOMEGnpBT4xS48V06zw+HgU="
    },
    "fd-slicer": {
      "version": "1.0.1",
      "resolved": "https://purecloud.artifactoryonline.com/purecloud/api/npm/inin-internal-npm/fd-slicer/-/fd-slicer-1.0.1.tgz",
      "integrity": "sha1-i1vL2ewyfFBBv5qwI/1nUPEXfmU=",
      "requires": {
        "pend": "1.2.0"
      }
    },
    "figures": {
      "version": "2.0.0",
      "resolved": "https://purecloud.artifactoryonline.com/purecloud/api/npm/inin-internal-npm/figures/-/figures-2.0.0.tgz",
      "integrity": "sha1-OrGi0qYsi/tDGgyUy3l6L84nyWI=",
      "requires": {
        "escape-string-regexp": "1.0.5"
      }
    },
    "fs.realpath": {
      "version": "1.0.0",
      "resolved": "https://purecloud.artifactoryonline.com/purecloud/api/npm/inin-internal-npm/fs.realpath/-/fs.realpath-1.0.0.tgz",
      "integrity": "sha1-FQStJSMVjKpA20onh8sBQRmU6k8="
    },
    "gherkin": {
      "version": "5.0.0",
      "resolved": "https://purecloud.artifactoryonline.com/purecloud/api/npm/inin-internal-npm/gherkin/-/gherkin-5.0.0.tgz",
      "integrity": "sha1-lt70EZjsOQgli1Ea909lWidk0qE="
    },
    "glob": {
      "version": "7.1.2",
      "resolved": "https://purecloud.artifactoryonline.com/purecloud/api/npm/inin-internal-npm/glob/-/glob-7.1.2.tgz",
      "integrity": "sha1-wZyd+aAocC1nhhI4SmVSQExjbRU=",
      "requires": {
        "fs.realpath": "1.0.0",
        "inflight": "1.0.6",
        "inherits": "2.0.3",
        "minimatch": "3.0.4",
        "once": "1.4.0",
        "path-is-absolute": "1.0.1"
      }
    },
    "https-proxy-agent": {
      "version": "2.1.0",
      "resolved": "https://purecloud.artifactoryonline.com/purecloud/api/npm/inin-internal-npm/https-proxy-agent/-/https-proxy-agent-2.1.0.tgz",
      "integrity": "sha1-E5G+5/1mrqvA3yofqQ9YlU9D5EM=",
      "requires": {
        "agent-base": "4.1.1",
        "debug": "2.6.9"
      }
    },
    "indent-string": {
      "version": "3.2.0",
      "resolved": "https://purecloud.artifactoryonline.com/purecloud/api/npm/inin-internal-npm/indent-string/-/indent-string-3.2.0.tgz",
      "integrity": "sha1-Sl/W0nzDMvN+VBmlBNu4NxBckok="
    },
    "inflight": {
      "version": "1.0.6",
      "resolved": "https://purecloud.artifactoryonline.com/purecloud/api/npm/inin-internal-npm/inflight/-/inflight-1.0.6.tgz",
      "integrity": "sha1-Sb1jMdfQLQwJvJEKEHW6gWW1bfk=",
      "requires": {
        "once": "1.4.0",
        "wrappy": "1.0.2"
      }
    },
    "inherits": {
      "version": "2.0.3",
      "resolved": "https://purecloud.artifactoryonline.com/purecloud/api/npm/inin-internal-npm/inherits/-/inherits-2.0.3.tgz",
      "integrity": "sha1-Yzwsg+PaQqUC9SRmAiSA9CCCYd4="
    },
    "is-generator": {
      "version": "1.0.3",
      "resolved": "https://purecloud.artifactoryonline.com/purecloud/api/npm/inin-internal-npm/is-generator/-/is-generator-1.0.3.tgz",
      "integrity": "sha1-wUwhBX7TbjKNuANHlmxpP4hjifM="
    },
    "is-stream": {
      "version": "1.1.0",
      "resolved": "https://purecloud.artifactoryonline.com/purecloud/api/npm/inin-internal-npm/is-stream/-/is-stream-1.1.0.tgz",
      "integrity": "sha1-EtSj3U5o4Lec6428hBc66A2RykQ="
    },
    "isarray": {
      "version": "1.0.0",
      "resolved": "https://purecloud.artifactoryonline.com/purecloud/api/npm/inin-internal-npm/isarray/-/isarray-1.0.0.tgz",
      "integrity": "sha1-u5NdSFgsuhaMBoNJV6VKPgcSTxE="
    },
    "lodash": {
      "version": "4.17.4",
      "resolved": "https://purecloud.artifactoryonline.com/purecloud/api/npm/inin-internal-npm/lodash/-/lodash-4.17.4.tgz",
      "integrity": "sha1-eCA6TRwyiuHYbcpkYONptX9AVa4="
    },
    "lower-case": {
      "version": "1.1.4",
      "resolved": "https://purecloud.artifactoryonline.com/purecloud/api/npm/inin-internal-npm/lower-case/-/lower-case-1.1.4.tgz",
      "integrity": "sha1-miyr0bno4K6ZOkv31YdcOcQujqw="
    },
    "mime": {
      "version": "1.4.1",
      "resolved": "https://purecloud.artifactoryonline.com/purecloud/api/npm/inin-internal-npm/mime/-/mime-1.4.1.tgz",
      "integrity": "sha1-Eh+evEnjdm8xGnbh+hyAA8SwOqY="
    },
    "minimatch": {
      "version": "3.0.4",
      "resolved": "https://purecloud.artifactoryonline.com/purecloud/api/npm/inin-internal-npm/minimatch/-/minimatch-3.0.4.tgz",
      "integrity": "sha1-UWbihkV/AzBgZL5Ul+jbsMPTIIM=",
      "requires": {
        "brace-expansion": "1.1.8"
      }
    },
    "minimist": {
      "version": "0.0.8",
      "resolved": "https://purecloud.artifactoryonline.com/purecloud/api/npm/inin-internal-npm/minimist/-/minimist-0.0.8.tgz",
      "integrity": "sha1-hX/Kv8M5fSYluCKCYuhqp6ARsF0="
    },
    "mkdirp": {
      "version": "0.5.0",
      "resolved": "https://purecloud.artifactoryonline.com/purecloud/api/npm/inin-internal-npm/mkdirp/-/mkdirp-0.5.0.tgz",
      "integrity": "sha1-HXMHam35hs2TROFecfzAWkyavxI=",
      "requires": {
        "minimist": "0.0.8"
      }
    },
    "ms": {
      "version": "2.0.0",
      "resolved": "https://purecloud.artifactoryonline.com/purecloud/api/npm/inin-internal-npm/ms/-/ms-2.0.0.tgz",
      "integrity": "sha1-VgiurfwAvmwpAd9fmGF4jeDVl8g="
    },
    "mz": {
      "version": "2.7.0",
      "resolved": "https://purecloud.artifactoryonline.com/purecloud/api/npm/inin-internal-npm/mz/-/mz-2.7.0.tgz",
      "integrity": "sha1-lQCAV6Vsr63CvGPd5/n/aVWUjjI=",
      "requires": {
        "any-promise": "1.3.0",
        "object-assign": "4.1.1",
        "thenify-all": "1.6.0"
      }
    },
    "no-case": {
      "version": "2.3.2",
      "resolved": "https://purecloud.artifactoryonline.com/purecloud/api/npm/inin-internal-npm/no-case/-/no-case-2.3.2.tgz",
      "integrity": "sha1-YLgTOWvjmz8SiKTB7V0efSi0ZKw=",
      "requires": {
        "lower-case": "1.1.4"
      }
    },
    "object-assign": {
      "version": "4.1.1",
      "resolved": "https://purecloud.artifactoryonline.com/purecloud/api/npm/inin-internal-npm/object-assign/-/object-assign-4.1.1.tgz",
      "integrity": "sha1-IQmtx5ZYh8/AXLvUQsrIv7s2CGM="
    },
    "once": {
      "version": "1.4.0",
      "resolved": "https://purecloud.artifactoryonline.com/purecloud/api/npm/inin-internal-npm/once/-/once-1.4.0.tgz",
      "integrity": "sha1-WDsap3WWHUsROsF9nFC6753Xa9E=",
      "requires": {
        "wrappy": "1.0.2"
      }
    },
    "pad-right": {
      "version": "0.2.2",
      "resolved": "https://purecloud.artifactoryonline.com/purecloud/api/npm/inin-internal-npm/pad-right/-/pad-right-0.2.2.tgz",
      "integrity": "sha1-b7ySQEXSRPKiokRQMGDTv8YAl3Q=",
      "requires": {
        "repeat-string": "1.6.1"
      }
    },
    "path-is-absolute": {
      "version": "1.0.1",
      "resolved": "https://purecloud.artifactoryonline.com/purecloud/api/npm/inin-internal-npm/path-is-absolute/-/path-is-absolute-1.0.1.tgz",
      "integrity": "sha1-F0uSaHNVNP+8es5r9TpanhtcX18="
    },
    "path-parse": {
      "version": "1.0.5",
      "resolved": "https://purecloud.artifactoryonline.com/purecloud/api/npm/inin-internal-npm/path-parse/-/path-parse-1.0.5.tgz",
      "integrity": "sha1-PBrfhx6pzWyUMbbqK9dKD/BVxME="
    },
    "pend": {
      "version": "1.2.0",
      "resolved": "https://purecloud.artifactoryonline.com/purecloud/api/npm/inin-internal-npm/pend/-/pend-1.2.0.tgz",
      "integrity": "sha1-elfrVQpng/kRUzH89GY9XI4AelA="
    },
    "process-nextick-args": {
      "version": "1.0.7",
      "resolved": "https://purecloud.artifactoryonline.com/purecloud/api/npm/inin-internal-npm/process-nextick-args/-/process-nextick-args-1.0.7.tgz",
      "integrity": "sha1-FQ4gt1ZZCtP5EJPyWk8q2L/zC6M="
    },
    "progress": {
      "version": "2.0.0",
      "resolved": "https://purecloud.artifactoryonline.com/purecloud/api/npm/inin-internal-npm/progress/-/progress-2.0.0.tgz",
      "integrity": "sha1-ihvjZr+Pwj2yvSPxDG/pILQ4nR8="
    },
    "proxy-from-env": {
      "version": "1.0.0",
      "resolved": "https://purecloud.artifactoryonline.com/purecloud/api/npm/inin-internal-npm/proxy-from-env/-/proxy-from-env-1.0.0.tgz",
      "integrity": "sha1-M8UDmPcOp+uW0h97gXYwpVeRx+4="
    },
    "puppeteer": {
      "version": "0.12.0",
      "resolved": "https://purecloud.artifactoryonline.com/purecloud/api/npm/inin-internal-npm/puppeteer/-/puppeteer-0.12.0.tgz",
      "integrity": "sha1-nEIZMIUVlN/dR50HZGZmp0ztdxk=",
      "requires": {
        "debug": "2.6.9",
        "extract-zip": "1.6.6",
        "https-proxy-agent": "2.1.0",
        "mime": "1.4.1",
        "progress": "2.0.0",
        "proxy-from-env": "1.0.0",
        "rimraf": "2.6.2",
        "ws": "3.3.0"
      }
    },
    "readable-stream": {
      "version": "2.3.3",
      "resolved": "https://purecloud.artifactoryonline.com/purecloud/api/npm/inin-internal-npm/readable-stream/-/readable-stream-2.3.3.tgz",
      "integrity": "sha1-No8lEtefnUb9/HE0mueHi7weuVw=",
      "requires": {
        "core-util-is": "1.0.2",
        "inherits": "2.0.3",
        "isarray": "1.0.0",
        "process-nextick-args": "1.0.7",
        "safe-buffer": "5.1.1",
        "string_decoder": "1.0.3",
        "util-deprecate": "1.0.2"
      }
    },
    "regenerator-runtime": {
      "version": "0.11.0",
      "resolved": "https://purecloud.artifactoryonline.com/purecloud/api/npm/inin-internal-npm/regenerator-runtime/-/regenerator-runtime-0.11.0.tgz",
      "integrity": "sha1-flT+W1zNXWYk6mJVw0c74JC4AuE="
    },
    "repeat-string": {
      "version": "1.6.1",
      "resolved": "https://purecloud.artifactoryonline.com/purecloud/api/npm/inin-internal-npm/repeat-string/-/repeat-string-1.6.1.tgz",
      "integrity": "sha1-jcrkcOHIirwtYA//Sndihtp15jc="
    },
    "resolve": {
      "version": "1.5.0",
      "resolved": "https://purecloud.artifactoryonline.com/purecloud/api/npm/inin-internal-npm/resolve/-/resolve-1.5.0.tgz",
      "integrity": "sha1-HwmsznlsmnYlefMbLBzEw83fnzY=",
      "requires": {
        "path-parse": "1.0.5"
      }
    },
    "rimraf": {
      "version": "2.6.2",
      "resolved": "https://purecloud.artifactoryonline.com/purecloud/api/npm/inin-internal-npm/rimraf/-/rimraf-2.6.2.tgz",
      "integrity": "sha1-LtgVDSShbqhlHm1u8PR8QVjOejY=",
      "requires": {
        "glob": "7.1.2"
      }
    },
    "safe-buffer": {
      "version": "5.1.1",
      "resolved": "https://purecloud.artifactoryonline.com/purecloud/api/npm/inin-internal-npm/safe-buffer/-/safe-buffer-5.1.1.tgz",
      "integrity": "sha1-iTMSr2myEj3vcfV4iQAWce6yyFM="
    },
    "source-map": {
      "version": "0.5.6",
      "resolved": "https://purecloud.artifactoryonline.com/purecloud/api/npm/inin-internal-npm/source-map/-/source-map-0.5.6.tgz",
      "integrity": "sha1-dc449SvwczxafwwRjYEzSiu19BI="
    },
    "stack-chain": {
      "version": "2.0.0",
      "resolved": "https://purecloud.artifactoryonline.com/purecloud/api/npm/inin-internal-npm/stack-chain/-/stack-chain-2.0.0.tgz",
      "integrity": "sha1-1z0Rcq+JVl8HQ4tbzAhoMbZomy0="
    },
    "stack-generator": {
      "version": "2.0.2",
      "resolved": "https://purecloud.artifactoryonline.com/purecloud/api/npm/inin-internal-npm/stack-generator/-/stack-generator-2.0.2.tgz",
      "integrity": "sha1-PBPZUqWWq5MY/sBmnQod+Lhxdsc=",
      "requires": {
        "stackframe": "1.0.4"
      }
    },
    "stackframe": {
      "version": "1.0.4",
      "resolved": "https://purecloud.artifactoryonline.com/purecloud/api/npm/inin-internal-npm/stackframe/-/stackframe-1.0.4.tgz",
      "integrity": "sha1-NXskqZL5Qny6a1RdlqFO0svKGHs="
    },
    "stacktrace-gps": {
      "version": "3.0.2",
      "resolved": "https://purecloud.artifactoryonline.com/purecloud/api/npm/inin-internal-npm/stacktrace-gps/-/stacktrace-gps-3.0.2.tgz",
      "integrity": "sha1-M/i6pEZzI6sr0YFu+ieZQrpDHMw=",
      "requires": {
        "source-map": "0.5.6",
        "stackframe": "1.0.4"
      }
    },
    "stacktrace-js": {
      "version": "2.0.0",
      "resolved": "https://purecloud.artifactoryonline.com/purecloud/api/npm/inin-internal-npm/stacktrace-js/-/stacktrace-js-2.0.0.tgz",
      "integrity": "sha1-d2ymRqlbxsayuQd2U2p/xyxt21g=",
      "requires": {
        "error-stack-parser": "2.0.1",
        "stack-generator": "2.0.2",
        "stacktrace-gps": "3.0.2"
      }
    },
    "string_decoder": {
      "version": "1.0.3",
      "resolved": "https://purecloud.artifactoryonline.com/purecloud/api/npm/inin-internal-npm/string_decoder/-/string_decoder-1.0.3.tgz",
      "integrity": "sha1-D8Z9fBQYJd6UKC3VNr7GubzoYKs=",
      "requires": {
        "safe-buffer": "5.1.1"
      }
    },
    "string-argv": {
      "version": "0.0.2",
      "resolved": "https://purecloud.artifactoryonline.com/purecloud/api/npm/inin-internal-npm/string-argv/-/string-argv-0.0.2.tgz",
      "integrity": "sha1-2sMECGkMIfPDYwo/86BYd73L1zY="
    },
    "thenify": {
      "version": "3.3.0",
      "resolved": "https://purecloud.artifactoryonline.com/purecloud/api/npm/inin-internal-npm/thenify/-/thenify-3.3.0.tgz",
      "integrity": "sha1-5p44obq+lpsBCCB5eLn2K4hgSDk=",
      "requires": {
        "any-promise": "1.3.0"
      }
    },
    "thenify-all": {
      "version": "1.6.0",
      "resolved": "https://purecloud.artifactoryonline.com/purecloud/api/npm/inin-internal-npm/thenify-all/-/thenify-all-1.6.0.tgz",
      "integrity": "sha1-GhkY1ALY/D+Y+/I02wvMjMEOlyY=",
      "requires": {
        "thenify": "3.3.0"
      }
    },
    "title-case": {
      "version": "2.1.1",
      "resolved": "https://purecloud.artifactoryonline.com/purecloud/api/npm/inin-internal-npm/title-case/-/title-case-2.1.1.tgz",
      "integrity": "sha1-PhJyFtpY0rxb7PE3q5Ha46fNj6o=",
      "requires": {
        "no-case": "2.3.2",
        "upper-case": "1.1.3"
      }
    },
    "typedarray": {
      "version": "0.0.6",
      "resolved": "https://purecloud.artifactoryonline.com/purecloud/api/npm/inin-internal-npm/typedarray/-/typedarray-0.0.6.tgz",
      "integrity": "sha1-hnrHTjhkGHsdPUfZlqeOxciDB3c="
    },
    "ultron": {
      "version": "1.1.0",
      "resolved": "https://purecloud.artifactoryonline.com/purecloud/api/npm/inin-internal-npm/ultron/-/ultron-1.1.0.tgz",
      "integrity": "sha1-sHoualQagV/Go0zNRTO67DB8qGQ="
    },
    "upper-case": {
      "version": "1.1.3",
      "resolved": "https://purecloud.artifactoryonline.com/purecloud/api/npm/inin-internal-npm/upper-case/-/upper-case-1.1.3.tgz",
      "integrity": "sha1-9rRQHC7EzdJrp4vnIilh3ndiFZg="
    },
    "util-arity": {
      "version": "1.1.0",
      "resolved": "https://purecloud.artifactoryonline.com/purecloud/api/npm/inin-internal-npm/util-arity/-/util-arity-1.1.0.tgz",
      "integrity": "sha1-WdAa8f2z/t4KxOYysKtfbOl8kzA="
    },
    "util-deprecate": {
      "version": "1.0.2",
      "resolved": "https://purecloud.artifactoryonline.com/purecloud/api/npm/inin-internal-npm/util-deprecate/-/util-deprecate-1.0.2.tgz",
      "integrity": "sha1-RQ1Nyfpw3nMnYvvS1KKJgUGaDM8="
    },
    "verror": {
      "version": "1.10.0",
      "resolved": "https://purecloud.artifactoryonline.com/purecloud/api/npm/inin-internal-npm/verror/-/verror-1.10.0.tgz",
      "integrity": "sha1-OhBcoXBTr1XW4nDB+CiGguGNpAA=",
      "requires": {
        "assert-plus": "1.0.0",
        "core-util-is": "1.0.2",
        "extsprintf": "1.3.0"
      }
    },
    "wrappy": {
      "version": "1.0.2",
      "resolved": "https://purecloud.artifactoryonline.com/purecloud/api/npm/inin-internal-npm/wrappy/-/wrappy-1.0.2.tgz",
      "integrity": "sha1-tSQ9jz7BqjXxNkYFvA0QNuMKtp8="
    },
    "ws": {
      "version": "3.3.0",
      "resolved": "https://purecloud.artifactoryonline.com/purecloud/api/npm/inin-internal-npm/ws/-/ws-3.3.0.tgz",
      "integrity": "sha1-+LlIoTeK9++nAvVRPaCN1RaJfDE=",
      "requires": {
        "async-limiter": "1.0.0",
        "safe-buffer": "5.1.1",
        "ultron": "1.1.0"
      }
    },
    "yauzl": {
      "version": "2.4.1",
      "resolved": "https://purecloud.artifactoryonline.com/purecloud/api/npm/inin-internal-npm/yauzl/-/yauzl-2.4.1.tgz",
      "integrity": "sha1-lSj0QtqxsihOWLQ3m7GU4i4MQAU=",
      "requires": {
        "fd-slicer": "1.0.1"
      }
    }
  }
}
